
Microsoft Visual Studio Solution File, Format Version 12.00
# Visual Studio Version 16
VisualStudioVersion = 16.0.30114.105
MinimumVisualStudioVersion = 10.0.40219.1
Project("{FAE04EC0-301F-11D3-BF4B-00C04F79EFBC}") = "KeyChain.Net", "src\KeyChain.Net\KeyChain.Net.csproj", "{2FD4C201-095B-4280-B54A-548DD7F05995}"
EndProject
Project("{FAE04EC0-301F-11D3-BF4B-00C04F79EFBC}") = "KeyChain.Net.XamarinIOS", "src\KeyChain.Net.XamarinIOS\KeyChain.Net.XamarinIOS.csproj", "{66C85D5B-884C-4E07-ACB7-BCD215500330}"
EndProject
Project("{FAE04EC0-301F-11D3-BF4B-00C04F79EFBC}") = "KeyChain.Net.XamarinAndroid", "src\KeyChain.Net.XamarinAndroid\KeyChain.Net.XamarinAndroid.csproj", "{96D4513A-FD69-462F-A352-77195E45FABD}"
EndProject
Global
	GlobalSection(SolutionConfigurationPlatforms) = preSolution
		Debug|Any CPU = Debug|Any CPU
		Release|Any CPU = Release|Any CPU
	EndGlobalSection
	GlobalSection(SolutionProperties) = preSolution
		HideSolutionNode = FALSE
	EndGlobalSection
	GlobalSection(ProjectConfigurationPlatforms) = postSolution
		{2FD4C201-095B-4280-B54A-548DD7F05995}.Debug|Any CPU.ActiveCfg = Debug|Any CPU
		{2FD4C201-095B-4280-B54A-548DD7F05995}.Debug|Any CPU.Build.0 = Debug|Any CPU
		{2FD4C201-095B-4280-B54A-548DD7F05995}.Release|Any CPU.ActiveCfg = Release|Any CPU
		{2FD4C201-095B-4280-B54A-548DD7F05995}.Release|Any CPU.Build.0 = Release|Any CPU
		{66C85D5B-884C-4E07-ACB7-BCD215500330}.Debug|Any CPU.ActiveCfg = Debug|Any CPU
		{66C85D5B-884C-4E07-ACB7-BCD215500330}.Debug|Any CPU.Build.0 = Debug|Any CPU
		{66C85D5B-884C-4E07-ACB7-BCD215500330}.Release|Any CPU.ActiveCfg = Release|Any CPU
		{66C85D5B-884C-4E07-ACB7-BCD215500330}.Release|Any CPU.Build.0 = Release|Any CPU
		{96D4513A-FD69-462F-A352-77195E45FABD}.Debug|Any CPU.ActiveCfg = Debug|Any CPU
		{96D4513A-FD69-462F-A352-77195E45FABD}.Debug|Any CPU.Build.0 = Debug|Any CPU
		{96D4513A-FD69-462F-A352-77195E45FABD}.Release|Any CPU.ActiveCfg = Release|Any CPU
		{96D4513A-FD69-462F-A352-77195E45FABD}.Release|Any CPU.Build.0 = Release|Any CPU
	EndGlobalSection
EndGlobal
